// !$*UTF8*$!
{
	archiveVersion = 1;
	classes = {
	};
	objectVersion = 56;
	objects = {

/* Begin PBXBuildFile section */
		F475078629F287BB00AFF4A7 /* AppDelegate.swift in Sources */ = {isa = PBXBuildFile; fileRef = F475078529F287BB00AFF4A7 /* AppDelegate.swift */; };
		F475078829F287BB00AFF4A7 /* SceneDelegate.swift in Sources */ = {isa = PBXBuildFile; fileRef = F475078729F287BB00AFF4A7 /* SceneDelegate.swift */; };
		F475078A29F287BB00AFF4A7 /* CalculatorVC.swift in Sources */ = {isa = PBXBuildFile; fileRef = F475078929F287BB00AFF4A7 /* CalculatorVC.swift */; };
		F475078F29F287BC00AFF4A7 /* Assets.xcassets in Resources */ = {isa = PBXBuildFile; fileRef = F475078E29F287BC00AFF4A7 /* Assets.xcassets */; };
		F475079229F287BC00AFF4A7 /* LaunchScreen.storyboard in Resources */ = {isa = PBXBuildFile; fileRef = F475079029F287BC00AFF4A7 /* LaunchScreen.storyboard */; };
		F475079D29F287BC00AFF4A7 /* TipCalculatorTests.swift in Sources */ = {isa = PBXBuildFile; fileRef = F475079C29F287BC00AFF4A7 /* TipCalculatorTests.swift */; };
		F47507A729F287BC00AFF4A7 /* TipCalculatorUITests.swift in Sources */ = {isa = PBXBuildFile; fileRef = F47507A629F287BC00AFF4A7 /* TipCalculatorUITests.swift */; };
		F47507A929F287BC00AFF4A7 /* TipCalculatorUITestsLaunchTests.swift in Sources */ = {isa = PBXBuildFile; fileRef = F47507A829F287BC00AFF4A7 /* TipCalculatorUITestsLaunchTests.swift */; };
		F47507B729F287C900AFF4A7 /* CombineCocoa in Frameworks */ = {isa = PBXBuildFile; productRef = F47507B629F287C900AFF4A7 /* CombineCocoa */; };
		F47507BA29F287F700AFF4A7 /* SnapKit in Frameworks */ = {isa = PBXBuildFile; productRef = F47507B929F287F700AFF4A7 /* SnapKit */; };
		F47507BD29F2880A00AFF4A7 /* CombineCocoa in Frameworks */ = {isa = PBXBuildFile; productRef = F47507BC29F2880A00AFF4A7 /* CombineCocoa */; };
		F497E7B529F288480049017B /* SnapshotTesting in Frameworks */ = {isa = PBXBuildFile; productRef = F497E7B429F288480049017B /* SnapshotTesting */; };
		F497E7B729F288500049017B /* CombineCocoa in Frameworks */ = {isa = PBXBuildFile; productRef = F497E7B629F288500049017B /* CombineCocoa */; };
		F497E7BA29F289770049017B /* LogoView.swift in Sources */ = {isa = PBXBuildFile; fileRef = F497E7B929F289770049017B /* LogoView.swift */; };
		F497E7BC29F28A170049017B /* ResultView.swift in Sources */ = {isa = PBXBuildFile; fileRef = F497E7BB29F28A170049017B /* ResultView.swift */; };
		F497E7BE29F28A200049017B /* BillingInputView.swift in Sources */ = {isa = PBXBuildFile; fileRef = F497E7BD29F28A200049017B /* BillingInputView.swift */; };
		F497E7C029F28A280049017B /* TipInputView.swift in Sources */ = {isa = PBXBuildFile; fileRef = F497E7BF29F28A280049017B /* TipInputView.swift */; };
		F497E7C229F28A300049017B /* SplitInputView.swift in Sources */ = {isa = PBXBuildFile; fileRef = F497E7C129F28A300049017B /* SplitInputView.swift */; };
		F497E7C629F28F170049017B /* ThemeColor.swift in Sources */ = {isa = PBXBuildFile; fileRef = F497E7C529F28F170049017B /* ThemeColor.swift */; };
		F497E7C829F28F1D0049017B /* ThemeFont.swift in Sources */ = {isa = PBXBuildFile; fileRef = F497E7C729F28F1D0049017B /* ThemeFont.swift */; };
		F497E7CB29F28F530049017B /* UIColor+Extension.swift in Sources */ = {isa = PBXBuildFile; fileRef = F497E7CA29F28F530049017B /* UIColor+Extension.swift */; };
		F497E7CE29F2C6000049017B /* LabelFactory.swift in Sources */ = {isa = PBXBuildFile; fileRef = F497E7CD29F2C6000049017B /* LabelFactory.swift */; };
		F497E7D029F2CE0B0049017B /* UIView+Extension.swift in Sources */ = {isa = PBXBuildFile; fileRef = F497E7CF29F2CE0B0049017B /* UIView+Extension.swift */; };
		F497E7D229F2D3160049017B /* AmountView.swift in Sources */ = {isa = PBXBuildFile; fileRef = F497E7D129F2D3160049017B /* AmountView.swift */; };
		F497E7D529F2E02F0049017B /* Tip.swift in Sources */ = {isa = PBXBuildFile; fileRef = F497E7D429F2E02F0049017B /* Tip.swift */; };
		F497E7D729F2E0730049017B /* HeaderView.swift in Sources */ = {isa = PBXBuildFile; fileRef = F497E7D629F2E0730049017B /* HeaderView.swift */; };
		F497E7DA29F2E7600049017B /* CalculatorVM.swift in Sources */ = {isa = PBXBuildFile; fileRef = F497E7D929F2E7600049017B /* CalculatorVM.swift */; };
		F497E7DC29F2E8EA0049017B /* Result.swift in Sources */ = {isa = PBXBuildFile; fileRef = F497E7DB29F2E8EA0049017B /* Result.swift */; };
		F497E7DE29F2EF960049017B /* String+Extension.swift in Sources */ = {isa = PBXBuildFile; fileRef = F497E7DD29F2EF960049017B /* String+Extension.swift */; };
		F497E7E029F42D1E0049017B /* UIResponder+Extension.swift in Sources */ = {isa = PBXBuildFile; fileRef = F497E7DF29F42D1E0049017B /* UIResponder+Extension.swift */; };
		F497E7E229F4349F0049017B /* Int+Extension.swift in Sources */ = {isa = PBXBuildFile; fileRef = F497E7E129F4349F0049017B /* Int+Extension.swift */; };
		F497E7E429F43BDF0049017B /* Double+Extension.swift in Sources */ = {isa = PBXBuildFile; fileRef = F497E7E329F43BDF0049017B /* Double+Extension.swift */; };
		F497E7E629F443A00049017B /* fart.mp3 in Resources */ = {isa = PBXBuildFile; fileRef = F497E7E529F443A00049017B /* fart.mp3 */; };
		F497E7E929F443B90049017B /* AudioPlayerService.swift in Sources */ = {isa = PBXBuildFile; fileRef = F497E7E829F443B90049017B /* AudioPlayerService.swift */; };
/* End PBXBuildFile section */

/* Begin PBXContainerItemProxy section */
		F475079929F287BC00AFF4A7 /* PBXContainerItemProxy */ = {
			isa = PBXContainerItemProxy;
			containerPortal = F475077A29F287BB00AFF4A7 /* Project object */;
			proxyType = 1;
			remoteGlobalIDString = F475078129F287BB00AFF4A7;
			remoteInfo = TipCalculator;
		};
		F47507A329F287BC00AFF4A7 /* PBXContainerItemProxy */ = {
			isa = PBXContainerItemProxy;
			containerPortal = F475077A29F287BB00AFF4A7 /* Project object */;
			proxyType = 1;
			remoteGlobalIDString = F475078129F287BB00AFF4A7;
			remoteInfo = TipCalculator;
		};
/* End PBXContainerItemProxy section */

/* Begin PBXFileReference section */
		F475078229F287BB00AFF4A7 /* TipCalculator.app */ = {isa = PBXFileReference; explicitFileType = wrapper.application; includeInIndex = 0; path = TipCalculator.app; sourceTree = BUILT_PRODUCTS_DIR; };
		F475078529F287BB00AFF4A7 /* AppDelegate.swift */ = {isa = PBXFileReference; lastKnownFileType = sourcecode.swift; path = AppDelegate.swift; sourceTree = "<group>"; };
		F475078729F287BB00AFF4A7 /* SceneDelegate.swift */ = {isa = PBXFileReference; lastKnownFileType = sourcecode.swift; path = SceneDelegate.swift; sourceTree = "<group>"; };
		F475078929F287BB00AFF4A7 /* CalculatorVC.swift */ = {isa = PBXFileReference; lastKnownFileType = sourcecode.swift; path = CalculatorVC.swift; sourceTree = "<group>"; };
		F475078E29F287BC00AFF4A7 /* Assets.xcassets */ = {isa = PBXFileReference; lastKnownFileType = folder.assetcatalog; path = Assets.xcassets; sourceTree = "<group>"; };
		F475079129F287BC00AFF4A7 /* Base */ = {isa = PBXFileReference; lastKnownFileType = file.storyboard; name = Base; path = Base.lproj/LaunchScreen.storyboard; sourceTree = "<group>"; };
		F475079329F287BC00AFF4A7 /* Info.plist */ = {isa = PBXFileReference; lastKnownFileType = text.plist.xml; path = Info.plist; sourceTree = "<group>"; };
		F475079829F287BC00AFF4A7 /* TipCalculatorTests.xctest */ = {isa = PBXFileReference; explicitFileType = wrapper.cfbundle; includeInIndex = 0; path = TipCalculatorTests.xctest; sourceTree = BUILT_PRODUCTS_DIR; };
		F475079C29F287BC00AFF4A7 /* TipCalculatorTests.swift */ = {isa = PBXFileReference; lastKnownFileType = sourcecode.swift; path = TipCalculatorTests.swift; sourceTree = "<group>"; };
		F47507A229F287BC00AFF4A7 /* TipCalculatorUITests.xctest */ = {isa = PBXFileReference; explicitFileType = wrapper.cfbundle; includeInIndex = 0; path = TipCalculatorUITests.xctest; sourceTree = BUILT_PRODUCTS_DIR; };
		F47507A629F287BC00AFF4A7 /* TipCalculatorUITests.swift */ = {isa = PBXFileReference; lastKnownFileType = sourcecode.swift; path = TipCalculatorUITests.swift; sourceTree = "<group>"; };
		F47507A829F287BC00AFF4A7 /* TipCalculatorUITestsLaunchTests.swift */ = {isa = PBXFileReference; lastKnownFileType = sourcecode.swift; path = TipCalculatorUITestsLaunchTests.swift; sourceTree = "<group>"; };
		F497E7B929F289770049017B /* LogoView.swift */ = {isa = PBXFileReference; lastKnownFileType = sourcecode.swift; path = LogoView.swift; sourceTree = "<group>"; };
		F497E7BB29F28A170049017B /* ResultView.swift */ = {isa = PBXFileReference; lastKnownFileType = sourcecode.swift; path = ResultView.swift; sourceTree = "<group>"; };
		F497E7BD29F28A200049017B /* BillingInputView.swift */ = {isa = PBXFileReference; lastKnownFileType = sourcecode.swift; path = BillingInputView.swift; sourceTree = "<group>"; };
		F497E7BF29F28A280049017B /* TipInputView.swift */ = {isa = PBXFileReference; lastKnownFileType = sourcecode.swift; path = TipInputView.swift; sourceTree = "<group>"; };
		F497E7C129F28A300049017B /* SplitInputView.swift */ = {isa = PBXFileReference; lastKnownFileType = sourcecode.swift; path = SplitInputView.swift; sourceTree = "<group>"; };
		F497E7C529F28F170049017B /* ThemeColor.swift */ = {isa = PBXFileReference; lastKnownFileType = sourcecode.swift; path = ThemeColor.swift; sourceTree = "<group>"; };
		F497E7C729F28F1D0049017B /* ThemeFont.swift */ = {isa = PBXFileReference; lastKnownFileType = sourcecode.swift; path = ThemeFont.swift; sourceTree = "<group>"; };
		F497E7CA29F28F530049017B /* UIColor+Extension.swift */ = {isa = PBXFileReference; lastKnownFileType = sourcecode.swift; path = "UIColor+Extension.swift"; sourceTree = "<group>"; };
		F497E7CD29F2C6000049017B /* LabelFactory.swift */ = {isa = PBXFileReference; lastKnownFileType = sourcecode.swift; path = LabelFactory.swift; sourceTree = "<group>"; };
		F497E7CF29F2CE0B0049017B /* UIView+Extension.swift */ = {isa = PBXFileReference; lastKnownFileType = sourcecode.swift; path = "UIView+Extension.swift"; sourceTree = "<group>"; };
		F497E7D129F2D3160049017B /* AmountView.swift */ = {isa = PBXFileReference; lastKnownFileType = sourcecode.swift; path = AmountView.swift; sourceTree = "<group>"; };
		F497E7D429F2E02F0049017B /* Tip.swift */ = {isa = PBXFileReference; lastKnownFileType = sourcecode.swift; path = Tip.swift; sourceTree = "<group>"; };
		F497E7D629F2E0730049017B /* HeaderView.swift */ = {isa = PBXFileReference; lastKnownFileType = sourcecode.swift; path = HeaderView.swift; sourceTree = "<group>"; };
		F497E7D929F2E7600049017B /* CalculatorVM.swift */ = {isa = PBXFileReference; lastKnownFileType = sourcecode.swift; path = CalculatorVM.swift; sourceTree = "<group>"; };
		F497E7DB29F2E8EA0049017B /* Result.swift */ = {isa = PBXFileReference; lastKnownFileType = sourcecode.swift; path = Result.swift; sourceTree = "<group>"; };
		F497E7DD29F2EF960049017B /* String+Extension.swift */ = {isa = PBXFileReference; lastKnownFileType = sourcecode.swift; path = "String+Extension.swift"; sourceTree = "<group>"; };
		F497E7DF29F42D1E0049017B /* UIResponder+Extension.swift */ = {isa = PBXFileReference; lastKnownFileType = sourcecode.swift; path = "UIResponder+Extension.swift"; sourceTree = "<group>"; };
		F497E7E129F4349F0049017B /* Int+Extension.swift */ = {isa = PBXFileReference; lastKnownFileType = sourcecode.swift; path = "Int+Extension.swift"; sourceTree = "<group>"; };
		F497E7E329F43BDF0049017B /* Double+Extension.swift */ = {isa = PBXFileReference; lastKnownFileType = sourcecode.swift; path = "Double+Extension.swift"; sourceTree = "<group>"; };
		F497E7E529F443A00049017B /* fart.mp3 */ = {isa = PBXFileReference; lastKnownFileType = audio.mp3; path = fart.mp3; sourceTree = "<group>"; };
		F497E7E829F443B90049017B /* AudioPlayerService.swift */ = {isa = PBXFileReference; lastKnownFileType = sourcecode.swift; path = AudioPlayerService.swift; sourceTree = "<group>"; };
/* End PBXFileReference section */

/* Begin PBXFrameworksBuildPhase section */
		F475077F29F287BB00AFF4A7 /* Frameworks */ = {
			isa = PBXFrameworksBuildPhase;
			buildActionMask = 2147483647;
			files = (
				F47507B729F287C900AFF4A7 /* CombineCocoa in Frameworks */,
				F47507BA29F287F700AFF4A7 /* SnapKit in Frameworks */,
			);
			runOnlyForDeploymentPostprocessing = 0;
		};
		F475079529F287BC00AFF4A7 /* Frameworks */ = {
			isa = PBXFrameworksBuildPhase;
			buildActionMask = 2147483647;
			files = (
				F47507BD29F2880A00AFF4A7 /* CombineCocoa in Frameworks */,
				F497E7B529F288480049017B /* SnapshotTesting in Frameworks */,
			);
			runOnlyForDeploymentPostprocessing = 0;
		};
		F475079F29F287BC00AFF4A7 /* Frameworks */ = {
			isa = PBXFrameworksBuildPhase;
			buildActionMask = 2147483647;
			files = (
				F497E7B729F288500049017B /* CombineCocoa in Frameworks */,
			);
			runOnlyForDeploymentPostprocessing = 0;
		};
/* End PBXFrameworksBuildPhase section */

/* Begin PBXGroup section */
		F475077929F287BB00AFF4A7 = {
			isa = PBXGroup;
			children = (
				F475078429F287BB00AFF4A7 /* TipCalculator */,
				F475079B29F287BC00AFF4A7 /* TipCalculatorTests */,
				F47507A529F287BC00AFF4A7 /* TipCalculatorUITests */,
				F475078329F287BB00AFF4A7 /* Products */,
				F47507BB29F2880A00AFF4A7 /* Frameworks */,
			);
			sourceTree = "<group>";
		};
		F475078329F287BB00AFF4A7 /* Products */ = {
			isa = PBXGroup;
			children = (
				F475078229F287BB00AFF4A7 /* TipCalculator.app */,
				F475079829F287BC00AFF4A7 /* TipCalculatorTests.xctest */,
				F47507A229F287BC00AFF4A7 /* TipCalculatorUITests.xctest */,
			);
			name = Products;
			sourceTree = "<group>";
		};
		F475078429F287BB00AFF4A7 /* TipCalculator */ = {
			isa = PBXGroup;
			children = (
				F497E7C329F28A5A0049017B /* App */,
				F497E7E729F443AC0049017B /* Service */,
				F497E7D329F2E0270049017B /* model */,
				F497E7B829F2896E0049017B /* view */,
				F497E7D829F2E74F0049017B /* viewModel */,
				F497E7CC29F2C5F40049017B /* factory */,
				F497E7C429F28F080049017B /* config */,
				F497E7C929F28F420049017B /* Extension */,
				F475078E29F287BC00AFF4A7 /* Assets.xcassets */,
				F497E7E529F443A00049017B /* fart.mp3 */,
				F475079029F287BC00AFF4A7 /* LaunchScreen.storyboard */,
				F475079329F287BC00AFF4A7 /* Info.plist */,
			);
			path = TipCalculator;
			sourceTree = "<group>";
		};
		F475079B29F287BC00AFF4A7 /* TipCalculatorTests */ = {
			isa = PBXGroup;
			children = (
				F475079C29F287BC00AFF4A7 /* TipCalculatorTests.swift */,
			);
			path = TipCalculatorTests;
			sourceTree = "<group>";
		};
		F47507A529F287BC00AFF4A7 /* TipCalculatorUITests */ = {
			isa = PBXGroup;
			children = (
				F47507A629F287BC00AFF4A7 /* TipCalculatorUITests.swift */,
				F47507A829F287BC00AFF4A7 /* TipCalculatorUITestsLaunchTests.swift */,
			);
			path = TipCalculatorUITests;
			sourceTree = "<group>";
		};
		F47507BB29F2880A00AFF4A7 /* Frameworks */ = {
			isa = PBXGroup;
			children = (
			);
			name = Frameworks;
			sourceTree = "<group>";
		};
		F497E7B829F2896E0049017B /* view */ = {
			isa = PBXGroup;
			children = (
				F475078929F287BB00AFF4A7 /* CalculatorVC.swift */,
				F497E7B929F289770049017B /* LogoView.swift */,
				F497E7BB29F28A170049017B /* ResultView.swift */,
				F497E7D129F2D3160049017B /* AmountView.swift */,
				F497E7D629F2E0730049017B /* HeaderView.swift */,
				F497E7BD29F28A200049017B /* BillingInputView.swift */,
				F497E7BF29F28A280049017B /* TipInputView.swift */,
				F497E7C129F28A300049017B /* SplitInputView.swift */,
			);
			path = view;
			sourceTree = "<group>";
		};
		F497E7C329F28A5A0049017B /* App */ = {
			isa = PBXGroup;
			children = (
				F475078529F287BB00AFF4A7 /* AppDelegate.swift */,
				F475078729F287BB00AFF4A7 /* SceneDelegate.swift */,
			);
			path = App;
			sourceTree = "<group>";
		};
		F497E7C429F28F080049017B /* config */ = {
			isa = PBXGroup;
			children = (
				F497E7C529F28F170049017B /* ThemeColor.swift */,
				F497E7C729F28F1D0049017B /* ThemeFont.swift */,
			);
			path = config;
			sourceTree = "<group>";
		};
		F497E7C929F28F420049017B /* Extension */ = {
			isa = PBXGroup;
			children = (
				F497E7CA29F28F530049017B /* UIColor+Extension.swift */,
				F497E7CF29F2CE0B0049017B /* UIView+Extension.swift */,
				F497E7DD29F2EF960049017B /* String+Extension.swift */,
				F497E7DF29F42D1E0049017B /* UIResponder+Extension.swift */,
				F497E7E129F4349F0049017B /* Int+Extension.swift */,
				F497E7E329F43BDF0049017B /* Double+Extension.swift */,
			);
			path = Extension;
			sourceTree = "<group>";
		};
		F497E7CC29F2C5F40049017B /* factory */ = {
			isa = PBXGroup;
			children = (
				F497E7CD29F2C6000049017B /* LabelFactory.swift */,
			);
			path = factory;
			sourceTree = "<group>";
		};
		F497E7D329F2E0270049017B /* model */ = {
			isa = PBXGroup;
			children = (
				F497E7D429F2E02F0049017B /* Tip.swift */,
				F497E7DB29F2E8EA0049017B /* Result.swift */,
			);
			path = model;
			sourceTree = "<group>";
		};
		F497E7D829F2E74F0049017B /* viewModel */ = {
			isa = PBXGroup;
			children = (
				F497E7D929F2E7600049017B /* CalculatorVM.swift */,
			);
			path = viewModel;
			sourceTree = "<group>";
		};
		F497E7E729F443AC0049017B /* Service */ = {
			isa = PBXGroup;
			children = (
				F497E7E829F443B90049017B /* AudioPlayerService.swift */,
			);
			path = Service;
			sourceTree = "<group>";
		};
/* End PBXGroup section */

/* Begin PBXNativeTarget section */
		F475078129F287BB00AFF4A7 /* TipCalculator */ = {
			isa = PBXNativeTarget;
			buildConfigurationList = F47507AC29F287BC00AFF4A7 /* Build configuration list for PBXNativeTarget "TipCalculator" */;
			buildPhases = (
				F475077E29F287BB00AFF4A7 /* Sources */,
				F475077F29F287BB00AFF4A7 /* Frameworks */,
				F475078029F287BB00AFF4A7 /* Resources */,
			);
			buildRules = (
			);
			dependencies = (
			);
			name = TipCalculator;
			packageProductDependencies = (
				F47507B629F287C900AFF4A7 /* CombineCocoa */,
				F47507B929F287F700AFF4A7 /* SnapKit */,
			);
			productName = TipCalculator;
			productReference = F475078229F287BB00AFF4A7 /* TipCalculator.app */;
			productType = "com.apple.product-type.application";
		};
		F475079729F287BC00AFF4A7 /* TipCalculatorTests */ = {
			isa = PBXNativeTarget;
			buildConfigurationList = F47507AF29F287BC00AFF4A7 /* Build configuration list for PBXNativeTarget "TipCalculatorTests" */;
			buildPhases = (
				F475079429F287BC00AFF4A7 /* Sources */,
				F475079529F287BC00AFF4A7 /* Frameworks */,
				F475079629F287BC00AFF4A7 /* Resources */,
			);
			buildRules = (
			);
			dependencies = (
				F475079A29F287BC00AFF4A7 /* PBXTargetDependency */,
			);
			name = TipCalculatorTests;
			packageProductDependencies = (
				F47507BC29F2880A00AFF4A7 /* CombineCocoa */,
				F497E7B429F288480049017B /* SnapshotTesting */,
			);
			productName = TipCalculatorTests;
			productReference = F475079829F287BC00AFF4A7 /* TipCalculatorTests.xctest */;
			productType = "com.apple.product-type.bundle.unit-test";
		};
		F47507A129F287BC00AFF4A7 /* TipCalculatorUITests */ = {
			isa = PBXNativeTarget;
			buildConfigurationList = F47507B229F287BC00AFF4A7 /* Build configuration list for PBXNativeTarget "TipCalculatorUITests" */;
			buildPhases = (
				F475079E29F287BC00AFF4A7 /* Sources */,
				F475079F29F287BC00AFF4A7 /* Frameworks */,
				F47507A029F287BC00AFF4A7 /* Resources */,
			);
			buildRules = (
			);
			dependencies = (
				F47507A429F287BC00AFF4A7 /* PBXTargetDependency */,
			);
			name = TipCalculatorUITests;
			packageProductDependencies = (
				F497E7B629F288500049017B /* CombineCocoa */,
			);
			productName = TipCalculatorUITests;
			productReference = F47507A229F287BC00AFF4A7 /* TipCalculatorUITests.xctest */;
			productType = "com.apple.product-type.bundle.ui-testing";
		};
/* End PBXNativeTarget section */

/* Begin PBXProject section */
		F475077A29F287BB00AFF4A7 /* Project object */ = {
			isa = PBXProject;
			attributes = {
				BuildIndependentTargetsInParallel = 1;
				LastSwiftUpdateCheck = 1430;
				LastUpgradeCheck = 1430;
				TargetAttributes = {
					F475078129F287BB00AFF4A7 = {
						CreatedOnToolsVersion = 14.3;
					};
					F475079729F287BC00AFF4A7 = {
						CreatedOnToolsVersion = 14.3;
						TestTargetID = F475078129F287BB00AFF4A7;
					};
					F47507A129F287BC00AFF4A7 = {
						CreatedOnToolsVersion = 14.3;
						TestTargetID = F475078129F287BB00AFF4A7;
					};
				};
			};
			buildConfigurationList = F475077D29F287BB00AFF4A7 /* Build configuration list for PBXProject "TipCalculator" */;
			compatibilityVersion = "Xcode 14.0";
			developmentRegion = en;
			hasScannedForEncodings = 0;
			knownRegions = (
				en,
				Base,
			);
			mainGroup = F475077929F287BB00AFF4A7;
			packageReferences = (
				F47507B529F287C900AFF4A7 /* XCRemoteSwiftPackageReference "CombineCocoa" */,
				F47507B829F287F700AFF4A7 /* XCRemoteSwiftPackageReference "SnapKit" */,
				F497E7B329F288480049017B /* XCRemoteSwiftPackageReference "swift-snapshot-testing" */,
			);
			productRefGroup = F475078329F287BB00AFF4A7 /* Products */;
			projectDirPath = "";
			projectRoot = "";
			targets = (
				F475078129F287BB00AFF4A7 /* TipCalculator */,
				F475079729F287BC00AFF4A7 /* TipCalculatorTests */,
				F47507A129F287BC00AFF4A7 /* TipCalculatorUITests */,
			);
		};
/* End PBXProject section */

/* Begin PBXResourcesBuildPhase section */
		F475078029F287BB00AFF4A7 /* Resources */ = {
			isa = PBXResourcesBuildPhase;
			buildActionMask = 2147483647;
			files = (
				F475079229F287BC00AFF4A7 /* LaunchScreen.storyboard in Resources */,
				F475078F29F287BC00AFF4A7 /* Assets.xcassets in Resources */,
				F497E7E629F443A00049017B /* fart.mp3 in Resources */,
			);
			runOnlyForDeploymentPostprocessing = 0;
		};
		F475079629F287BC00AFF4A7 /* Resources */ = {
			isa = PBXResourcesBuildPhase;
			buildActionMask = 2147483647;
			files = (
			);
			runOnlyForDeploymentPostprocessing = 0;
		};
		F47507A029F287BC00AFF4A7 /* Resources */ = {
			isa = PBXResourcesBuildPhase;
			buildActionMask = 2147483647;
			files = (
			);
			runOnlyForDeploymentPostprocessing = 0;
		};
/* End PBXResourcesBuildPhase section */

/* Begin PBXSourcesBuildPhase section */
		F475077E29F287BB00AFF4A7 /* Sources */ = {
			isa = PBXSourcesBuildPhase;
			buildActionMask = 2147483647;
			files = (
				F497E7DC29F2E8EA0049017B /* Result.swift in Sources */,
				F497E7D229F2D3160049017B /* AmountView.swift in Sources */,
				F497E7E029F42D1E0049017B /* UIResponder+Extension.swift in Sources */,
				F497E7E229F4349F0049017B /* Int+Extension.swift in Sources */,
				F475078A29F287BB00AFF4A7 /* CalculatorVC.swift in Sources */,
				F497E7DE29F2EF960049017B /* String+Extension.swift in Sources */,
				F497E7D029F2CE0B0049017B /* UIView+Extension.swift in Sources */,
				F497E7BA29F289770049017B /* LogoView.swift in Sources */,
				F497E7C629F28F170049017B /* ThemeColor.swift in Sources */,
				F497E7CB29F28F530049017B /* UIColor+Extension.swift in Sources */,
				F497E7BC29F28A170049017B /* ResultView.swift in Sources */,
				F475078629F287BB00AFF4A7 /* AppDelegate.swift in Sources */,
				F497E7E929F443B90049017B /* AudioPlayerService.swift in Sources */,
				F475078829F287BB00AFF4A7 /* SceneDelegate.swift in Sources */,
				F497E7C829F28F1D0049017B /* ThemeFont.swift in Sources */,
				F497E7BE29F28A200049017B /* BillingInputView.swift in Sources */,
				F497E7CE29F2C6000049017B /* LabelFactory.swift in Sources */,
				F497E7E429F43BDF0049017B /* Double+Extension.swift in Sources */,
				F497E7DA29F2E7600049017B /* CalculatorVM.swift in Sources */,
				F497E7D529F2E02F0049017B /* Tip.swift in Sources */,
				F497E7C229F28A300049017B /* SplitInputView.swift in Sources */,
				F497E7C029F28A280049017B /* TipInputView.swift in Sources */,
				F497E7D729F2E0730049017B /* HeaderView.swift in Sources */,
			);
			runOnlyForDeploymentPostprocessing = 0;
		};
		F475079429F287BC00AFF4A7 /* Sources */ = {
			isa = PBXSourcesBuildPhase;
			buildActionMask = 2147483647;
			files = (
				F475079D29F287BC00AFF4A7 /* TipCalculatorTests.swift in Sources */,
			);
			runOnlyForDeploymentPostprocessing = 0;
		};
		F475079E29F287BC00AFF4A7 /* Sources */ = {
			isa = PBXSourcesBuildPhase;
			buildActionMask = 2147483647;
			files = (
				F47507A929F287BC00AFF4A7 /* TipCalculatorUITestsLaunchTests.swift in Sources */,
				F47507A729F287BC00AFF4A7 /* TipCalculatorUITests.swift in Sources */,
			);
			runOnlyForDeploymentPostprocessing = 0;
		};
/* End PBXSourcesBuildPhase section */

/* Begin PBXTargetDependency section */
		F475079A29F287BC00AFF4A7 /* PBXTargetDependency */ = {
			isa = PBXTargetDependency;
			target = F475078129F287BB00AFF4A7 /* TipCalculator */;
			targetProxy = F475079929F287BC00AFF4A7 /* PBXContainerItemProxy */;
		};
		F47507A429F287BC00AFF4A7 /* PBXTargetDependency */ = {
			isa = PBXTargetDependency;
			target = F475078129F287BB00AFF4A7 /* TipCalculator */;
			targetProxy = F47507A329F287BC00AFF4A7 /* PBXContainerItemProxy */;
		};
/* End PBXTargetDependency section */

/* Begin PBXVariantGroup section */
		F475079029F287BC00AFF4A7 /* LaunchScreen.storyboard */ = {
			isa = PBXVariantGroup;
			children = (
				F475079129F287BC00AFF4A7 /* Base */,
			);
			name = LaunchScreen.storyboard;
			sourceTree = "<group>";
		};
/* End PBXVariantGroup section */

/* Begin XCBuildConfiguration section */
		F47507AA29F287BC00AFF4A7 /* Debug */ = {
			isa = XCBuildConfiguration;
			buildSettings = {
				ALWAYS_SEARCH_USER_PATHS = NO;
				CLANG_ANALYZER_NONNULL = YES;
				CLANG_ANALYZER_NUMBER_OBJECT_CONVERSION = YES_AGGRESSIVE;
				CLANG_CXX_LANGUAGE_STANDARD = "gnu++20";
				CLANG_ENABLE_MODULES = YES;
				CLANG_ENABLE_OBJC_ARC = YES;
				CLANG_ENABLE_OBJC_WEAK = YES;
				CLANG_WARN_BLOCK_CAPTURE_AUTORELEASING = YES;
				CLANG_WARN_BOOL_CONVERSION = YES;
				CLANG_WARN_COMMA = YES;
				CLANG_WARN_CONSTANT_CONVERSION = YES;
				CLANG_WARN_DEPRECATED_OBJC_IMPLEMENTATIONS = YES;
				CLANG_WARN_DIRECT_OBJC_ISA_USAGE = YES_ERROR;
				CLANG_WARN_DOCUMENTATION_COMMENTS = YES;
				CLANG_WARN_EMPTY_BODY = YES;
				CLANG_WARN_ENUM_CONVERSION = YES;
				CLANG_WARN_INFINITE_RECURSION = YES;
				CLANG_WARN_INT_CONVERSION = YES;
				CLANG_WARN_NON_LITERAL_NULL_CONVERSION = YES;
				CLANG_WARN_OBJC_IMPLICIT_RETAIN_SELF = YES;
				CLANG_WARN_OBJC_LITERAL_CONVERSION = YES;
				CLANG_WARN_OBJC_ROOT_CLASS = YES_ERROR;
				CLANG_WARN_QUOTED_INCLUDE_IN_FRAMEWORK_HEADER = YES;
				CLANG_WARN_RANGE_LOOP_ANALYSIS = YES;
				CLANG_WARN_STRICT_PROTOTYPES = YES;
				CLANG_WARN_SUSPICIOUS_MOVE = YES;
				CLANG_WARN_UNGUARDED_AVAILABILITY = YES_AGGRESSIVE;
				CLANG_WARN_UNREACHABLE_CODE = YES;
				CLANG_WARN__DUPLICATE_METHOD_MATCH = YES;
				COPY_PHASE_STRIP = NO;
				DEBUG_INFORMATION_FORMAT = dwarf;
				ENABLE_STRICT_OBJC_MSGSEND = YES;
				ENABLE_TESTABILITY = YES;
				GCC_C_LANGUAGE_STANDARD = gnu11;
				GCC_DYNAMIC_NO_PIC = NO;
				GCC_NO_COMMON_BLOCKS = YES;
				GCC_OPTIMIZATION_LEVEL = 0;
				GCC_PREPROCESSOR_DEFINITIONS = (
					"DEBUG=1",
					"$(inherited)",
				);
				GCC_WARN_64_TO_32_BIT_CONVERSION = YES;
				GCC_WARN_ABOUT_RETURN_TYPE = YES_ERROR;
				GCC_WARN_UNDECLARED_SELECTOR = YES;
				GCC_WARN_UNINITIALIZED_AUTOS = YES_AGGRESSIVE;
				GCC_WARN_UNUSED_FUNCTION = YES;
				GCC_WARN_UNUSED_VARIABLE = YES;
				IPHONEOS_DEPLOYMENT_TARGET = 16.4;
				MTL_ENABLE_DEBUG_INFO = INCLUDE_SOURCE;
				MTL_FAST_MATH = YES;
				ONLY_ACTIVE_ARCH = YES;
				SDKROOT = iphoneos;
				SWIFT_ACTIVE_COMPILATION_CONDITIONS = DEBUG;
				SWIFT_OPTIMIZATION_LEVEL = "-Onone";
			};
			name = Debug;
		};
		F47507AB29F287BC00AFF4A7 /* Release */ = {
			isa = XCBuildConfiguration;
			buildSettings = {
				ALWAYS_SEARCH_USER_PATHS = NO;
				CLANG_ANALYZER_NONNULL = YES;
				CLANG_ANALYZER_NUMBER_OBJECT_CONVERSION = YES_AGGRESSIVE;
				CLANG_CXX_LANGUAGE_STANDARD = "gnu++20";
				CLANG_ENABLE_MODULES = YES;
				CLANG_ENABLE_OBJC_ARC = YES;
				CLANG_ENABLE_OBJC_WEAK = YES;
				CLANG_WARN_BLOCK_CAPTURE_AUTORELEASING = YES;
				CLANG_WARN_BOOL_CONVERSION = YES;
				CLANG_WARN_COMMA = YES;
				CLANG_WARN_CONSTANT_CONVERSION = YES;
				CLANG_WARN_DEPRECATED_OBJC_IMPLEMENTATIONS = YES;
				CLANG_WARN_DIRECT_OBJC_ISA_USAGE = YES_ERROR;
				CLANG_WARN_DOCUMENTATION_COMMENTS = YES;
				CLANG_WARN_EMPTY_BODY = YES;
				CLANG_WARN_ENUM_CONVERSION = YES;
				CLANG_WARN_INFINITE_RECURSION = YES;
				CLANG_WARN_INT_CONVERSION = YES;
				CLANG_WARN_NON_LITERAL_NULL_CONVERSION = YES;
				CLANG_WARN_OBJC_IMPLICIT_RETAIN_SELF = YES;
				CLANG_WARN_OBJC_LITERAL_CONVERSION = YES;
				CLANG_WARN_OBJC_ROOT_CLASS = YES_ERROR;
				CLANG_WARN_QUOTED_INCLUDE_IN_FRAMEWORK_HEADER = YES;
				CLANG_WARN_RANGE_LOOP_ANALYSIS = YES;
				CLANG_WARN_STRICT_PROTOTYPES = YES;
				CLANG_WARN_SUSPICIOUS_MOVE = YES;
				CLANG_WARN_UNGUARDED_AVAILABILITY = YES_AGGRESSIVE;
				CLANG_WARN_UNREACHABLE_CODE = YES;
				CLANG_WARN__DUPLICATE_METHOD_MATCH = YES;
				COPY_PHASE_STRIP = NO;
				DEBUG_INFORMATION_FORMAT = "dwarf-with-dsym";
				ENABLE_NS_ASSERTIONS = NO;
				ENABLE_STRICT_OBJC_MSGSEND = YES;
				GCC_C_LANGUAGE_STANDARD = gnu11;
				GCC_NO_COMMON_BLOCKS = YES;
				GCC_WARN_64_TO_32_BIT_CONVERSION = YES;
				GCC_WARN_ABOUT_RETURN_TYPE = YES_ERROR;
				GCC_WARN_UNDECLARED_SELECTOR = YES;
				GCC_WARN_UNINITIALIZED_AUTOS = YES_AGGRESSIVE;
				GCC_WARN_UNUSED_FUNCTION = YES;
				GCC_WARN_UNUSED_VARIABLE = YES;
				IPHONEOS_DEPLOYMENT_TARGET = 16.4;
				MTL_ENABLE_DEBUG_INFO = NO;
				MTL_FAST_MATH = YES;
				SDKROOT = iphoneos;
				SWIFT_COMPILATION_MODE = wholemodule;
				SWIFT_OPTIMIZATION_LEVEL = "-O";
				VALIDATE_PRODUCT = YES;
			};
			name = Release;
		};
		F47507AD29F287BC00AFF4A7 /* Debug */ = {
			isa = XCBuildConfiguration;
			buildSettings = {
				ASSETCATALOG_COMPILER_APPICON_NAME = AppIcon;
				ASSETCATALOG_COMPILER_GLOBAL_ACCENT_COLOR_NAME = AccentColor;
				CODE_SIGN_STYLE = Automatic;
				CURRENT_PROJECT_VERSION = 1;
				DEVELOPMENT_TEAM = 33WMDPGAG6;
				GENERATE_INFOPLIST_FILE = YES;
				INFOPLIST_FILE = TipCalculator/Info.plist;
				INFOPLIST_KEY_UIApplicationSupportsIndirectInputEvents = YES;
				INFOPLIST_KEY_UILaunchStoryboardName = LaunchScreen;
				INFOPLIST_KEY_UISupportedInterfaceOrientations_iPad = "UIInterfaceOrientationPortrait UIInterfaceOrientationPortraitUpsideDown UIInterfaceOrientationLandscapeLeft UIInterfaceOrientationLandscapeRight";
				INFOPLIST_KEY_UISupportedInterfaceOrientations_iPhone = "UIInterfaceOrientationPortrait UIInterfaceOrientationLandscapeLeft UIInterfaceOrientationLandscapeRight";
				LD_RUNPATH_SEARCH_PATHS = (
					"$(inherited)",
					"@executable_path/Frameworks",
				);
				MARKETING_VERSION = 1.0;
				PRODUCT_BUNDLE_IDENTIFIER = th.ac.chula.cbs.stat.TipCalculator;
				PRODUCT_NAME = "$(TARGET_NAME)";
				SWIFT_EMIT_LOC_STRINGS = YES;
				SWIFT_VERSION = 5.0;
				TARGETED_DEVICE_FAMILY = "1,2";
			};
			name = Debug;
		};
		F47507AE29F287BC00AFF4A7 /* Release */ = {
			isa = XCBuildConfiguration;
			buildSettings = {
				ASSETCATALOG_COMPILER_APPICON_NAME = AppIcon;
				ASSETCATALOG_COMPILER_GLOBAL_ACCENT_COLOR_NAME = AccentColor;
				CODE_SIGN_STYLE = Automatic;
				CURRENT_PROJECT_VERSION = 1;
				DEVELOPMENT_TEAM = 33WMDPGAG6;
				GENERATE_INFOPLIST_FILE = YES;
				INFOPLIST_FILE = TipCalculator/Info.plist;
				INFOPLIST_KEY_UIApplicationSupportsIndirectInputEvents = YES;
				INFOPLIST_KEY_UILaunchStoryboardName = LaunchScreen;
				INFOPLIST_KEY_UISupportedInterfaceOrientations_iPad = "UIInterfaceOrientationPortrait UIInterfaceOrientationPortraitUpsideDown UIInterfaceOrientationLandscapeLeft UIInterfaceOrientationLandscapeRight";
				INFOPLIST_KEY_UISupportedInterfaceOrientations_iPhone = "UIInterfaceOrientationPortrait UIInterfaceOrientationLandscapeLeft UIInterfaceOrientationLandscapeRight";
				LD_RUNPATH_SEARCH_PATHS = (
					"$(inherited)",
					"@executable_path/Frameworks",
				);
				MARKETING_VERSION = 1.0;
				PRODUCT_BUNDLE_IDENTIFIER = th.ac.chula.cbs.stat.TipCalculator;
				PRODUCT_NAME = "$(TARGET_NAME)";
				SWIFT_EMIT_LOC_STRINGS = YES;
				SWIFT_VERSION = 5.0;
				TARGETED_DEVICE_FAMILY = "1,2";
			};
			name = Release;
		};
		F47507B029F287BC00AFF4A7 /* Debug */ = {
			isa = XCBuildConfiguration;
			buildSettings = {
				ALWAYS_EMBED_SWIFT_STANDARD_LIBRARIES = YES;
				BUNDLE_LOADER = "$(TEST_HOST)";
				CODE_SIGN_STYLE = Automatic;
				CURRENT_PROJECT_VERSION = 1;
				DEVELOPMENT_TEAM = 33WMDPGAG6;
				GENERATE_INFOPLIST_FILE = YES;
				IPHONEOS_DEPLOYMENT_TARGET = 16.4;
				MARKETING_VERSION = 1.0;
				PRODUCT_BUNDLE_IDENTIFIER = th.ac.chula.cbs.stat.TipCalculatorTests;
				PRODUCT_NAME = "$(TARGET_NAME)";
				SWIFT_EMIT_LOC_STRINGS = NO;
				SWIFT_VERSION = 5.0;
				TARGETED_DEVICE_FAMILY = "1,2";
				TEST_HOST = "$(BUILT_PRODUCTS_DIR)/TipCalculator.app/$(BUNDLE_EXECUTABLE_FOLDER_PATH)/TipCalculator";
			};
			name = Debug;
		};
		F47507B129F287BC00AFF4A7 /* Release */ = {
			isa = XCBuildConfiguration;
			buildSettings = {
				ALWAYS_EMBED_SWIFT_STANDARD_LIBRARIES = YES;
				BUNDLE_LOADER = "$(TEST_HOST)";
				CODE_SIGN_STYLE = Automatic;
				CURRENT_PROJECT_VERSION = 1;
				DEVELOPMENT_TEAM = 33WMDPGAG6;
				GENERATE_INFOPLIST_FILE = YES;
				IPHONEOS_DEPLOYMENT_TARGET = 16.4;
				MARKETING_VERSION = 1.0;
				PRODUCT_BUNDLE_IDENTIFIER = th.ac.chula.cbs.stat.TipCalculatorTests;
				PRODUCT_NAME = "$(TARGET_NAME)";
				SWIFT_EMIT_LOC_STRINGS = NO;
				SWIFT_VERSION = 5.0;
				TARGETED_DEVICE_FAMILY = "1,2";
				TEST_HOST = "$(BUILT_PRODUCTS_DIR)/TipCalculator.app/$(BUNDLE_EXECUTABLE_FOLDER_PATH)/TipCalculator";
			};
			name = Release;
		};
		F47507B329F287BC00AFF4A7 /* Debug */ = {
			isa = XCBuildConfiguration;
			buildSettings = {
				ALWAYS_EMBED_SWIFT_STANDARD_LIBRARIES = YES;
				CODE_SIGN_STYLE = Automatic;
				CURRENT_PROJECT_VERSION = 1;
				DEVELOPMENT_TEAM = 33WMDPGAG6;
				GENERATE_INFOPLIST_FILE = YES;
				MARKETING_VERSION = 1.0;
				PRODUCT_BUNDLE_IDENTIFIER = th.ac.chula.cbs.stat.TipCalculatorUITests;
				PRODUCT_NAME = "$(TARGET_NAME)";
				SWIFT_EMIT_LOC_STRINGS = NO;
				SWIFT_VERSION = 5.0;
				TARGETED_DEVICE_FAMILY = "1,2";
				TEST_TARGET_NAME = TipCalculator;
			};
			name = Debug;
		};
		F47507B429F287BC00AFF4A7 /* Release */ = {
			isa = XCBuildConfiguration;
			buildSettings = {
				ALWAYS_EMBED_SWIFT_STANDARD_LIBRARIES = YES;
				CODE_SIGN_STYLE = Automatic;
				CURRENT_PROJECT_VERSION = 1;
				DEVELOPMENT_TEAM = 33WMDPGAG6;
				GENERATE_INFOPLIST_FILE = YES;
				MARKETING_VERSION = 1.0;
				PRODUCT_BUNDLE_IDENTIFIER = th.ac.chula.cbs.stat.TipCalculatorUITests;
				PRODUCT_NAME = "$(TARGET_NAME)";
				SWIFT_EMIT_LOC_STRINGS = NO;
				SWIFT_VERSION = 5.0;
				TARGETED_DEVICE_FAMILY = "1,2";
				TEST_TARGET_NAME = TipCalculator;
			};
			name = Release;
		};
/* End XCBuildConfiguration section */

/* Begin XCConfigurationList section */
		F475077D29F287BB00AFF4A7 /* Build configuration list for PBXProject "TipCalculator" */ = {
			isa = XCConfigurationList;
			buildConfigurations = (
				F47507AA29F287BC00AFF4A7 /* Debug */,
				F47507AB29F287BC00AFF4A7 /* Release */,
			);
			defaultConfigurationIsVisible = 0;
			defaultConfigurationName = Release;
		};
		F47507AC29F287BC00AFF4A7 /* Build configuration list for PBXNativeTarget "TipCalculator" */ = {
			isa = XCConfigurationList;
			buildConfigurations = (
				F47507AD29F287BC00AFF4A7 /* Debug */,
				F47507AE29F287BC00AFF4A7 /* Release */,
			);
			defaultConfigurationIsVisible = 0;
			defaultConfigurationName = Release;
		};
		F47507AF29F287BC00AFF4A7 /* Build configuration list for PBXNativeTarget "TipCalculatorTests" */ = {
			isa = XCConfigurationList;
			buildConfigurations = (
				F47507B029F287BC00AFF4A7 /* Debug */,
				F47507B129F287BC00AFF4A7 /* Release */,
			);
			defaultConfigurationIsVisible = 0;
			defaultConfigurationName = Release;
		};
		F47507B229F287BC00AFF4A7 /* Build configuration list for PBXNativeTarget "TipCalculatorUITests" */ = {
			isa = XCConfigurationList;
			buildConfigurations = (
				F47507B329F287BC00AFF4A7 /* Debug */,
				F47507B429F287BC00AFF4A7 /* Release */,
			);
			defaultConfigurationIsVisible = 0;
			defaultConfigurationName = Release;
		};
/* End XCConfigurationList section */

/* Begin XCRemoteSwiftPackageReference section */
		F47507B529F287C900AFF4A7 /* XCRemoteSwiftPackageReference "CombineCocoa" */ = {
			isa = XCRemoteSwiftPackageReference;
			repositoryURL = "https://github.com/CombineCommunity/CombineCocoa.git";
			requirement = {
				kind = upToNextMajorVersion;
				minimumVersion = 0.4.1;
			};
		};
		F47507B829F287F700AFF4A7 /* XCRemoteSwiftPackageReference "SnapKit" */ = {
			isa = XCRemoteSwiftPackageReference;
			repositoryURL = "https://github.com/SnapKit/SnapKit.git";
			requirement = {
				kind = upToNextMajorVersion;
				minimumVersion = 5.0.0;
			};
		};
		F497E7B329F288480049017B /* XCRemoteSwiftPackageReference "swift-snapshot-testing" */ = {
			isa = XCRemoteSwiftPackageReference;
			repositoryURL = "https://github.com/pointfreeco/swift-snapshot-testing";
			requirement = {
				kind = upToNextMajorVersion;
				minimumVersion = 1.0.0;
			};
		};
/* End XCRemoteSwiftPackageReference section */

/* Begin XCSwiftPackageProductDependency section */
		F47507B629F287C900AFF4A7 /* CombineCocoa */ = {
			isa = XCSwiftPackageProductDependency;
			package = F47507B529F287C900AFF4A7 /* XCRemoteSwiftPackageReference "CombineCocoa" */;
			productName = CombineCocoa;
		};
		F47507B929F287F700AFF4A7 /* SnapKit */ = {
			isa = XCSwiftPackageProductDependency;
			package = F47507B829F287F700AFF4A7 /* XCRemoteSwiftPackageReference "SnapKit" */;
			productName = SnapKit;
		};
		F47507BC29F2880A00AFF4A7 /* CombineCocoa */ = {
			isa = XCSwiftPackageProductDependency;
			package = F47507B529F287C900AFF4A7 /* XCRemoteSwiftPackageReference "CombineCocoa" */;
			productName = CombineCocoa;
		};
		F497E7B429F288480049017B /* SnapshotTesting */ = {
			isa = XCSwiftPackageProductDependency;
			package = F497E7B329F288480049017B /* XCRemoteSwiftPackageReference "swift-snapshot-testing" */;
			productName = SnapshotTesting;
		};
		F497E7B629F288500049017B /* CombineCocoa */ = {
			isa = XCSwiftPackageProductDependency;
			package = F47507B529F287C900AFF4A7 /* XCRemoteSwiftPackageReference "CombineCocoa" */;
			productName = CombineCocoa;
		};
/* End XCSwiftPackageProductDependency section */
	};
	rootObject = F475077A29F287BB00AFF4A7 /* Project object */;
}
